
Microsoft Visual Studio Solution File, Format Version 12.00
Project("{FAE04EC0-301F-11D3-BF4B-00C04F79EFBC}") = "HeightsOfSkyrim", "HeightsOfSkyrim\HeightsOfSkyrim.csproj", "{D200E9CA-6FE6-4474-B3B0-84F5802B7C0F}"
EndProject
Global
	GlobalSection(SolutionConfigurationPlatforms) = preSolution
		Debug|Any CPU = Debug|Any CPU
		Release|Any CPU = Release|Any CPU
	EndGlobalSection
	GlobalSection(ProjectConfigurationPlatforms) = postSolution
		{D200E9CA-6FE6-4474-B3B0-84F5802B7C0F}.Debug|Any CPU.ActiveCfg = Debug|Any CPU
		{D200E9CA-6FE6-4474-B3B0-84F5802B7C0F}.Debug|Any CPU.Build.0 = Debug|Any CPU
		{D200E9CA-6FE6-4474-B3B0-84F5802B7C0F}.Release|Any CPU.ActiveCfg = Release|Any CPU
		{D200E9CA-6FE6-4474-B3B0-84F5802B7C0F}.Release|Any CPU.Build.0 = Release|Any CPU
	EndGlobalSection
EndGlobal
